PODS:
  - Alamofire (4.7.2)
  - Differentiator (3.0.2)
  - RxCocoa (4.2.0):
    - RxSwift (~> 4.0)
  - RxDataSources (3.0.2):
    - Differentiator (~> 3.0)
    - RxCocoa (~> 4.0)
    - RxSwift (~> 4.0)
  - RxSwift (4.2.0)
  - Swifter (1.4.1)
  - Toaster (2.1.1)

DEPENDENCIES:
  - Alamofire
  - RxCocoa
  - RxDataSources
  - RxSwift
  - Swifter
  - Toaster

SPEC REPOS:
  https://github.com/cocoapods/specs.git:
    - Alamofire
    - Differentiator
    - RxCocoa
    - RxDataSources
    - RxSwift
    - Swifter
    - Toaster

SPEC CHECKSUMS:
  Alamofire: e4fa87002c137ba2d8d634d2c51fabcda0d5c223
  Differentiator: a87be69eba49ec4ab460c7671143ee3a9eececfd
  RxCocoa: 0b54909c902e1e581212a03e690bbd94032d8baa
  RxDataSources: cb7c31e652a87ebb919da45f716bbb87b3765f6b
  RxSwift: 99e10317ddfcc7fbe01356aafd118fde4a0be104
  Swifter: 62d14781d34600ffb6be99d350cf271be500600f
  Toaster: a6c9532de1ded8105e77376f7dffeb2e12b46dbb

PODFILE CHECKSUM: 2c973126481275a96058ab1d6c8dac76e6db5a90

COCOAPODS: 1.5.3
